
Microsoft Visual Studio Solution File, Format Version 12.00
# Visual Studio Version 16
VisualStudioVersion = 16.0.30717.126
MinimumVisualStudioVersion = 10.0.40219.1
Project("{9A19103F-16F7-4668-BE54-9A1E7A4F7556}") = "XiePinyin", "XiePinyin\XiePinyin.csproj", "{036B12EE-3F54-46CA-B384-A2FADE4416DF}"
EndProject
Project("{2150E333-8FDC-42A3-9474-1A3956D46DE8}") = "Solution Items", "Solution Items", "{EE7A85D2-E248-49DA-A694-F2A8FC045392}"
	ProjectSection(SolutionItems) = preProject
		.github\workflows\build-on-tag.yml = .github\workflows\build-on-tag.yml
	EndProjectSection
EndProject
Project("{9A19103F-16F7-4668-BE54-9A1E7A4F7556}") = "XiePinyin.Tool", "XiePinyin.Tool\XiePinyin.Tool.csproj", "{27924433-4831-4BD8-B569-AC31CC39662D}"
EndProject
Project("{FAE04EC0-301F-11D3-BF4B-00C04F79EFBC}") = "XiePinyin.Test", "XiePinyin.Test\XiePinyin.Test.csproj", "{45C53A56-788F-4DB2-8EE0-C06107BD0B3A}"
EndProject
Global
	GlobalSection(SolutionConfigurationPlatforms) = preSolution
		Debug|Any CPU = Debug|Any CPU
		Release|Any CPU = Release|Any CPU
	EndGlobalSection
	GlobalSection(ProjectConfigurationPlatforms) = postSolution
		{036B12EE-3F54-46CA-B384-A2FADE4416DF}.Debug|Any CPU.ActiveCfg = Debug|Any CPU
		{036B12EE-3F54-46CA-B384-A2FADE4416DF}.Debug|Any CPU.Build.0 = Debug|Any CPU
		{036B12EE-3F54-46CA-B384-A2FADE4416DF}.Release|Any CPU.ActiveCfg = Release|Any CPU
		{036B12EE-3F54-46CA-B384-A2FADE4416DF}.Release|Any CPU.Build.0 = Release|Any CPU
		{27924433-4831-4BD8-B569-AC31CC39662D}.Debug|Any CPU.ActiveCfg = Debug|Any CPU
		{27924433-4831-4BD8-B569-AC31CC39662D}.Debug|Any CPU.Build.0 = Debug|Any CPU
		{27924433-4831-4BD8-B569-AC31CC39662D}.Release|Any CPU.ActiveCfg = Release|Any CPU
		{27924433-4831-4BD8-B569-AC31CC39662D}.Release|Any CPU.Build.0 = Release|Any CPU
		{45C53A56-788F-4DB2-8EE0-C06107BD0B3A}.Debug|Any CPU.ActiveCfg = Debug|Any CPU
		{45C53A56-788F-4DB2-8EE0-C06107BD0B3A}.Debug|Any CPU.Build.0 = Debug|Any CPU
		{45C53A56-788F-4DB2-8EE0-C06107BD0B3A}.Release|Any CPU.ActiveCfg = Release|Any CPU
		{45C53A56-788F-4DB2-8EE0-C06107BD0B3A}.Release|Any CPU.Build.0 = Release|Any CPU
	EndGlobalSection
	GlobalSection(SolutionProperties) = preSolution
		HideSolutionNode = FALSE
	EndGlobalSection
	GlobalSection(ExtensibilityGlobals) = postSolution
		SolutionGuid = {21FAE3A6-98AF-44D7-B402-6570FFE68C23}
	EndGlobalSection
EndGlobal
